
Microsoft Visual Studio Solution File, Format Version 12.00
# Visual Studio Version 17
VisualStudioVersion = 17.2.32616.157
MinimumVisualStudioVersion = 10.0.40219.1
Project("{FAE04EC0-301F-11D3-BF4B-00C04F79EFBC}") = "csharp-gestore-eventi", "csharp-gestore-eventi.csproj", "{F138B8D0-C0E6-4F44-AFF1-822004BAF239}"
EndProject
Global
	GlobalSection(SolutionConfigurationPlatforms) = preSolution
		Debug|Any CPU = Debug|Any CPU
		Release|Any CPU = Release|Any CPU
	EndGlobalSection
	GlobalSection(ProjectConfigurationPlatforms) = postSolution
		{F138B8D0-C0E6-4F44-AFF1-822004BAF239}.Debug|Any CPU.ActiveCfg = Debug|Any CPU
		{F138B8D0-C0E6-4F44-AFF1-822004BAF239}.Debug|Any CPU.Build.0 = Debug|Any CPU
		{F138B8D0-C0E6-4F44-AFF1-822004BAF239}.Release|Any CPU.ActiveCfg = Release|Any CPU
		{F138B8D0-C0E6-4F44-AFF1-822004BAF239}.Release|Any CPU.Build.0 = Release|Any CPU
	EndGlobalSection
	GlobalSection(SolutionProperties) = preSolution
		HideSolutionNode = FALSE
	EndGlobalSection
	GlobalSection(ExtensibilityGlobals) = postSolution
		SolutionGuid = {AC91F988-7CE8-4C05-AB8A-126E7669668D}
	EndGlobalSection
EndGlobal
